
Microsoft Visual Studio Solution File, Format Version 12.00
# Visual Studio Version 17
VisualStudioVersion = 17.2.32630.192
MinimumVisualStudioVersion = 10.0.40219.1
Project("{FAE04EC0-301F-11D3-BF4B-00C04F79EFBC}") = "OnlineTradePlatform.Core", "OnlineTradePlatform.Core\OnlineTradePlatform.Core.csproj", "{D8EF78F5-28B8-476B-85B0-31567171777C}"
EndProject
Global
	GlobalSection(SolutionConfigurationPlatforms) = preSolution
		Debug|Any CPU = Debug|Any CPU
		Release|Any CPU = Release|Any CPU
	EndGlobalSection
	GlobalSection(ProjectConfigurationPlatforms) = postSolution
		{D8EF78F5-28B8-476B-85B0-31567171777C}.Debug|Any CPU.ActiveCfg = Debug|Any CPU
		{D8EF78F5-28B8-476B-85B0-31567171777C}.Debug|Any CPU.Build.0 = Debug|Any CPU
		{D8EF78F5-28B8-476B-85B0-31567171777C}.Release|Any CPU.ActiveCfg = Release|Any CPU
		{D8EF78F5-28B8-476B-85B0-31567171777C}.Release|Any CPU.Build.0 = Release|Any CPU
	EndGlobalSection
	GlobalSection(SolutionProperties) = preSolution
		HideSolutionNode = FALSE
	EndGlobalSection
	GlobalSection(ExtensibilityGlobals) = postSolution
		SolutionGuid = {1285DD40-63CC-456A-AF4B-23B9C484E9ED}
	EndGlobalSection
EndGlobal
